GEM
  remote: http://rubygems.org/
  specs:
    actionmailer (2.3.4)
      actionpack (= 2.3.4)
    actionpack (2.3.4)
      activesupport (= 2.3.4)
      rack (~> 1.0.0)
    activerecord (2.3.4)
      activesupport (= 2.3.4)
    activeresource (2.3.4)
      activesupport (= 2.3.4)
    activesupport (2.3.4)
    builder (3.0.0)
    hoptoad_notifier (2.4.6)
      activesupport
      builder
    rack (1.0.1)
    rails (2.3.4)
      actionmailer (= 2.3.4)
      actionpack (= 2.3.4)
      activerecord (= 2.3.4)
      activeresource (= 2.3.4)
      activesupport (= 2.3.4)
      rake (>= 0.8.3)
    rake (0.8.7)
    will_paginate (2.3.11)

PLATFORMS
  ruby

DEPENDENCIES
  hoptoad_notifier
  rails (= 2.3.4)
  will_paginate (= 2.3.11)
